
Microsoft Visual Studio Solution File, Format Version 12.00
# Visual Studio Version 17
VisualStudioVersion = 17.3.32929.385
MinimumVisualStudioVersion = 10.0.40219.1
Project("{FAE04EC0-301F-11D3-BF4B-00C04F79EFBC}") = "Практическая 10", "Практическая 10\Практическая 10.csproj", "{7F0161CB-AE77-450D-9ADE-D3833A17B9E8}"
EndProject
Global
	GlobalSection(SolutionConfigurationPlatforms) = preSolution
		Debug|Any CPU = Debug|Any CPU
		Release|Any CPU = Release|Any CPU
	EndGlobalSection
	GlobalSection(ProjectConfigurationPlatforms) = postSolution
		{7F0161CB-AE77-450D-9ADE-D3833A17B9E8}.Debug|Any CPU.ActiveCfg = Debug|Any CPU
		{7F0161CB-AE77-450D-9ADE-D3833A17B9E8}.Debug|Any CPU.Build.0 = Debug|Any CPU
		{7F0161CB-AE77-450D-9ADE-D3833A17B9E8}.Release|Any CPU.ActiveCfg = Release|Any CPU
		{7F0161CB-AE77-450D-9ADE-D3833A17B9E8}.Release|Any CPU.Build.0 = Release|Any CPU
	EndGlobalSection
	GlobalSection(SolutionProperties) = preSolution
		HideSolutionNode = FALSE
	EndGlobalSection
	GlobalSection(ExtensibilityGlobals) = postSolution
		SolutionGuid = {EA9E4962-E0FD-4D9B-A1FA-918B31A992CF}
	EndGlobalSection
EndGlobal
